github.com/pawnkit/pawn-parser v1.5.8 h1:PqUv8Z8P/d32hFcS3Gjd6M4NErwGdMJ+wx+5p1vYgEY=
github.com/pawnkit/pawn-parser v1.5.8/go.mod h1:6iG1RfoTtroAadrF5A60QZc/zwalxBwn2gbgCQ/QO8Y=
github.com/pawnkit/pawnkit-core v0.5.0 h1:faEI2LGaP9czSDaKxtw4qvGUNuft88qeR/MdW0jLmlg=
github.com/pawnkit/pawnkit-core v0.5.0/go.mod h1:jGhXHEEzr8juezaRhh/AkGzX6S4eGQnprB83vrI1peU=
