github.com/pawnkit/pawn-parser v1.1.4 h1:jpoKD0KVc0sfs20wv5E+WxCrV0RNkF6AvotAcuftmS8=
github.com/pawnkit/pawn-parser v1.1.4/go.mod h1:6iG1RfoTtroAadrF5A60QZc/zwalxBwn2gbgCQ/QO8Y=
github.com/pawnkit/pawnkit-core v0.1.0 h1:clhoN/nr+JyNMAcFTlubStPd3q4VeCNf44MJgYmFaDM=
github.com/pawnkit/pawnkit-core v0.1.0/go.mod h1:jGhXHEEzr8juezaRhh/AkGzX6S4eGQnprB83vrI1peU=
